# THIS IS AN AUTOGENERATED FILE. DO NOT EDIT THIS FILE DIRECTLY.
# yarn lockfile v1


flow-bin@^0.107.0:
  version "0.107.0"
  resolved "https://registry.yarnpkg.com/flow-bin/-/flow-bin-0.107.0.tgz#b37bfcce51204d35d58f8eb93b3a76b52291e4cc"
  integrity sha512-hsmwO5Q0+XUXaO2kIKLpleUNNBSFcsGEQGBOTEC/KR/4Ez695I1fweX/ioSjbU4RWhPZhkIqnpbF9opVAauCHg==
